
Microsoft Visual Studio Solution File, Format Version 12.00
# Visual Studio 15
VisualStudioVersion = 15.0.27428.2043
MinimumVisualStudioVersion = 10.0.40219.1
Project("{9A19103F-16F7-4668-BE54-9A1E7A4F7556}") = "SentimentAnalysis", "SentimentAnalysis\SentimentAnalysis.csproj", "{A5242B6F-83C1-4032-BA02-19C16362BB40}"
EndProject
Project("{2150E333-8FDC-42A3-9474-1A3956D46DE8}") = "SentimentAnalysis", "SentimentAnalysis", "{3BCC758C-E652-468E-9407-F21E7F9FDC14}"
EndProject
Global
	GlobalSection(SolutionConfigurationPlatforms) = preSolution
		Debug|Any CPU = Debug|Any CPU
		Release|Any CPU = Release|Any CPU
	EndGlobalSection
	GlobalSection(ProjectConfigurationPlatforms) = postSolution
		{A5242B6F-83C1-4032-BA02-19C16362BB40}.Debug|Any CPU.ActiveCfg = Debug|Any CPU
		{A5242B6F-83C1-4032-BA02-19C16362BB40}.Debug|Any CPU.Build.0 = Debug|Any CPU
		{A5242B6F-83C1-4032-BA02-19C16362BB40}.Release|Any CPU.ActiveCfg = Release|Any CPU
		{A5242B6F-83C1-4032-BA02-19C16362BB40}.Release|Any CPU.Build.0 = Release|Any CPU
	EndGlobalSection
	GlobalSection(SolutionProperties) = preSolution
		HideSolutionNode = FALSE
	EndGlobalSection
	GlobalSection(NestedProjects) = preSolution
		{A5242B6F-83C1-4032-BA02-19C16362BB40} = {3BCC758C-E652-468E-9407-F21E7F9FDC14}
	EndGlobalSection
	GlobalSection(ExtensibilityGlobals) = postSolution
		SolutionGuid = {B8E77052-021B-40D1-869B-A01DFB39F57B}
	EndGlobalSection
EndGlobal
